
Microsoft Visual Studio Solution File, Format Version 12.00
# Visual Studio Version 17
VisualStudioVersion = 17.0.31903.59
MinimumVisualStudioVersion = 10.0.40219.1
Project("{FAE04EC0-301F-11D3-BF4B-00C04F79EFBC}") = "SwmcolTaskTracker.API", "SwmcolTaskTracker.API\SwmcolTaskTracker.API.csproj", "{08624FA1-7C41-41DD-AB93-EC0336E2092A}"
EndProject
Project("{FAE04EC0-301F-11D3-BF4B-00C04F79EFBC}") = "SwmcolTaskTracker.Functions", "SwmcolTaskTracker.Functions\SwmcolTaskTracker.Functions.csproj", "{4AF69E3B-9C3C-4DA0-B211-0D3489718F71}"
EndProject
Project("{FAE04EC0-301F-11D3-BF4B-00C04F79EFBC}") = "SwmcolTaskTracker.Shared", "SwmcolTaskTracker.Shared\SwmcolTaskTracker.Shared.csproj", "{264B1F7D-3EB9-446C-B637-53A3BA4EEE03}"
EndProject
Global
	GlobalSection(SolutionConfigurationPlatforms) = preSolution
		Debug|Any CPU = Debug|Any CPU
		Debug|x64 = Debug|x64
		Debug|x86 = Debug|x86
		Release|Any CPU = Release|Any CPU
		Release|x64 = Release|x64
		Release|x86 = Release|x86
	EndGlobalSection
	GlobalSection(ProjectConfigurationPlatforms) = postSolution
		{08624FA1-7C41-41DD-AB93-EC0336E2092A}.Debug|Any CPU.ActiveCfg = Debug|Any CPU
		{08624FA1-7C41-41DD-AB93-EC0336E2092A}.Debug|Any CPU.Build.0 = Debug|Any CPU
		{08624FA1-7C41-41DD-AB93-EC0336E2092A}.Debug|x64.ActiveCfg = Debug|Any CPU
		{08624FA1-7C41-41DD-AB93-EC0336E2092A}.Debug|x64.Build.0 = Debug|Any CPU
		{08624FA1-7C41-41DD-AB93-EC0336E2092A}.Debug|x86.ActiveCfg = Debug|Any CPU
		{08624FA1-7C41-41DD-AB93-EC0336E2092A}.Debug|x86.Build.0 = Debug|Any CPU
		{08624FA1-7C41-41DD-AB93-EC0336E2092A}.Release|Any CPU.ActiveCfg = Release|Any CPU
		{08624FA1-7C41-41DD-AB93-EC0336E2092A}.Release|Any CPU.Build.0 = Release|Any CPU
		{08624FA1-7C41-41DD-AB93-EC0336E2092A}.Release|x64.ActiveCfg = Release|Any CPU
		{08624FA1-7C41-41DD-AB93-EC0336E2092A}.Release|x64.Build.0 = Release|Any CPU
		{08624FA1-7C41-41DD-AB93-EC0336E2092A}.Release|x86.ActiveCfg = Release|Any CPU
		{08624FA1-7C41-41DD-AB93-EC0336E2092A}.Release|x86.Build.0 = Release|Any CPU
		{4AF69E3B-9C3C-4DA0-B211-0D3489718F71}.Debug|Any CPU.ActiveCfg = Debug|Any CPU
		{4AF69E3B-9C3C-4DA0-B211-0D3489718F71}.Debug|Any CPU.Build.0 = Debug|Any CPU
		{4AF69E3B-9C3C-4DA0-B211-0D3489718F71}.Debug|x64.ActiveCfg = Debug|Any CPU
		{4AF69E3B-9C3C-4DA0-B211-0D3489718F71}.Debug|x64.Build.0 = Debug|Any CPU
		{4AF69E3B-9C3C-4DA0-B211-0D3489718F71}.Debug|x86.ActiveCfg = Debug|Any CPU
		{4AF69E3B-9C3C-4DA0-B211-0D3489718F71}.Debug|x86.Build.0 = Debug|Any CPU
		{4AF69E3B-9C3C-4DA0-B211-0D3489718F71}.Release|Any CPU.ActiveCfg = Release|Any CPU
		{4AF69E3B-9C3C-4DA0-B211-0D3489718F71}.Release|Any CPU.Build.0 = Release|Any CPU
		{4AF69E3B-9C3C-4DA0-B211-0D3489718F71}.Release|x64.ActiveCfg = Release|Any CPU
		{4AF69E3B-9C3C-4DA0-B211-0D3489718F71}.Release|x64.Build.0 = Release|Any CPU
		{4AF69E3B-9C3C-4DA0-B211-0D3489718F71}.Release|x86.ActiveCfg = Release|Any CPU
		{4AF69E3B-9C3C-4DA0-B211-0D3489718F71}.Release|x86.Build.0 = Release|Any CPU
		{264B1F7D-3EB9-446C-B637-53A3BA4EEE03}.Debug|Any CPU.ActiveCfg = Debug|Any CPU
		{264B1F7D-3EB9-446C-B637-53A3BA4EEE03}.Debug|Any CPU.Build.0 = Debug|Any CPU
		{264B1F7D-3EB9-446C-B637-53A3BA4EEE03}.Debug|x64.ActiveCfg = Debug|Any CPU
		{264B1F7D-3EB9-446C-B637-53A3BA4EEE03}.Debug|x64.Build.0 = Debug|Any CPU
		{264B1F7D-3EB9-446C-B637-53A3BA4EEE03}.Debug|x86.ActiveCfg = Debug|Any CPU
		{264B1F7D-3EB9-446C-B637-53A3BA4EEE03}.Debug|x86.Build.0 = Debug|Any CPU
		{264B1F7D-3EB9-446C-B637-53A3BA4EEE03}.Release|Any CPU.ActiveCfg = Release|Any CPU
		{264B1F7D-3EB9-446C-B637-53A3BA4EEE03}.Release|Any CPU.Build.0 = Release|Any CPU
		{264B1F7D-3EB9-446C-B637-53A3BA4EEE03}.Release|x64.ActiveCfg = Release|Any CPU
		{264B1F7D-3EB9-446C-B637-53A3BA4EEE03}.Release|x64.Build.0 = Release|Any CPU
		{264B1F7D-3EB9-446C-B637-53A3BA4EEE03}.Release|x86.ActiveCfg = Release|Any CPU
		{264B1F7D-3EB9-446C-B637-53A3BA4EEE03}.Release|x86.Build.0 = Release|Any CPU
	EndGlobalSection
	GlobalSection(SolutionProperties) = preSolution
		HideSolutionNode = FALSE
	EndGlobalSection
EndGlobal
